<Solution>
  <Folder Name="/Solution Items/">
    <File Path="Project_template.md" />
    <Project Path="docker-compose.dcproj" Id="e8b3c6f8-9f84-4e77-9a3a-9a0b3f8e6f21">
      <Build />
    </Project>
  </Folder>
  <Folder Name="/src/">
    <Project Path="src/microservices/events/CinemaAbyss.Events.csproj" Id="e7426573-b966-4ea9-8abd-677e90fdc6f1" />
    <Project Path="src/microservices/proxy/CinemaAbyss.Proxy.csproj" Id="dbe786ce-384f-4312-af25-a67414dc91d1" />
  </Folder>
</Solution>
